<Solution>
  <Folder Name="/benchmarks/">
    <Project Path="benchmarks/Cephalon.Benchmarks/Cephalon.Benchmarks.csproj" />
  </Folder>
  <Folder Name="/playground/">
    <Project Path="playground/Cephalon.Playground/Cephalon.Playground.csproj" />
    <Project Path="playground/Cephalon.WorkerPlayground/Cephalon.WorkerPlayground.csproj" />
  </Folder>
  <Folder Name="/samples/">
    <Project Path="samples/Cephalon.ReferenceModule.Operations/Cephalon.ReferenceModule.Operations.csproj" />
    <Project Path="samples/Cephalon.Sample.Microservice/Cephalon.Sample.Microservice.csproj" />
    <Project Path="samples/Cephalon.Sample.MicroserviceSuite/shared/Cephalon.Sample.MicroserviceSuite.Governance/Cephalon.Sample.MicroserviceSuite.Governance.csproj" />
    <Project Path="samples/Cephalon.Sample.MicroserviceSuite/shared/Cephalon.Sample.MicroserviceSuite.Shared.Foundation/Cephalon.Sample.MicroserviceSuite.Shared.Foundation.csproj" />
    <Project Path="samples/Cephalon.Sample.MicroserviceSuite/services/CatalogService/Cephalon.Sample.MicroserviceSuite.CatalogService.csproj" />
    <Project Path="samples/Cephalon.Sample.MicroserviceSuite/services/OrdersService/Cephalon.Sample.MicroserviceSuite.OrdersService.csproj" />
    <Project Path="samples/Cephalon.Sample.ModularMonolith/Cephalon.Sample.ModularMonolith.csproj" />
    <Project Path="samples/Cephalon.Sample.ModularVerticalSlice/Cephalon.Sample.ModularVerticalSlice.csproj" />
    <Project Path="samples/Cephalon.Sample.Showcase/Cephalon.Sample.Showcase.csproj" />
  </Folder>
  <Folder Name="/src/">
    <Project Path="src/Cephalon.Abstractions/Cephalon.Abstractions.csproj" />
    <Project Path="src/Cephalon.Agentics/Cephalon.Agentics.csproj" />
    <Project Path="src/Cephalon.Analyzers/Cephalon.Analyzers.csproj" />
    <Project Path="src/Cephalon.Audit/Cephalon.Audit.csproj" />
    <Project Path="src/Cephalon.Audit.EntityFramework/Cephalon.Audit.EntityFramework.csproj" />
    <Project Path="src/Cephalon.Cli/Cephalon.Cli.csproj" />
    <Project Path="src/Cephalon.Diagnostics/Cephalon.Diagnostics.csproj" />
    <Project Path="src/Cephalon.Data.EntityFramework/Cephalon.Data.EntityFramework.csproj" />
    <Project Path="src/Cephalon.Data.Cassandra/Cephalon.Data.Cassandra.csproj" />
    <Project Path="src/Cephalon.Data.ClickHouse/Cephalon.Data.ClickHouse.csproj" />
    <Project Path="src/Cephalon.Data.Elasticsearch/Cephalon.Data.Elasticsearch.csproj" />
    <Project Path="src/Cephalon.Data.MongoDB/Cephalon.Data.MongoDB.csproj" />
    <Project Path="src/Cephalon.Data.Debezium/Cephalon.Data.Debezium.csproj" />
    <Project Path="src/Cephalon.Data.MySql/Cephalon.Data.MySql.csproj" />
    <Project Path="src/Cephalon.Data.Oracle/Cephalon.Data.Oracle.csproj" />
    <Project Path="src/Cephalon.Data.Postgres/Cephalon.Data.Postgres.csproj" />
    <Project Path="src/Cephalon.Data.SqlServer/Cephalon.Data.SqlServer.csproj" />
    <Project Path="src/Cephalon.Data.Nats/Cephalon.Data.Nats.csproj" />
    <Project Path="src/Cephalon.Data.Neo4j/Cephalon.Data.Neo4j.csproj" />
    <Project Path="src/Cephalon.Data.OpenSearch/Cephalon.Data.OpenSearch.csproj" />
    <Project Path="src/Cephalon.Data.Qdrant/Cephalon.Data.Qdrant.csproj" />
    <Project Path="src/Cephalon.Data.Redis/Cephalon.Data.Redis.csproj" />
    <Project Path="src/Cephalon.Data/Cephalon.Data.csproj" />
    <Project Path="src/Cephalon.Edge/Cephalon.Edge.csproj" />
    <Project Path="src/Cephalon.Edge.KubernetesGateway/Cephalon.Edge.KubernetesGateway.csproj" />
    <Project Path="src/Cephalon.Edge.Traefik/Cephalon.Edge.Traefik.csproj" />
    <Project Path="src/Cephalon.Behaviors/Cephalon.Behaviors.csproj" />
    <Project Path="src/Cephalon.Resilience/Cephalon.Resilience.csproj" />
    <Project Path="src/Cephalon.Behaviors.Http/Cephalon.Behaviors.Http.csproj" />
    <Project Path="src/Cephalon.Behaviors.Messaging/Cephalon.Behaviors.Messaging.csproj" />
    <Project Path="src/Cephalon.Behaviors.Patterns/Cephalon.Behaviors.Patterns.csproj" />
    <Project Path="src/Cephalon.Behaviors.SourceGen/Cephalon.Behaviors.SourceGen.csproj" />
    <Project Path="src/Cephalon.EventSourcing/Cephalon.EventSourcing.csproj" />
    <Project Path="src/Cephalon.EventSourcing.EntityFramework/Cephalon.EventSourcing.EntityFramework.csproj" />
    <Project Path="src/Cephalon.EventSourcing.Cassandra/Cephalon.EventSourcing.Cassandra.csproj" />
    <Project Path="src/Cephalon.EventSourcing.ClickHouse/Cephalon.EventSourcing.ClickHouse.csproj" />
    <Project Path="src/Cephalon.EventSourcing.Elasticsearch/Cephalon.EventSourcing.Elasticsearch.csproj" />
    <Project Path="src/Cephalon.EventSourcing.MongoDB/Cephalon.EventSourcing.MongoDB.csproj" />
    <Project Path="src/Cephalon.EventSourcing.Nats/Cephalon.EventSourcing.Nats.csproj" />
    <Project Path="src/Cephalon.EventSourcing.Neo4j/Cephalon.EventSourcing.Neo4j.csproj" />
    <Project Path="src/Cephalon.EventSourcing.OpenSearch/Cephalon.EventSourcing.OpenSearch.csproj" />
    <Project Path="src/Cephalon.EventSourcing.Qdrant/Cephalon.EventSourcing.Qdrant.csproj" />
    <Project Path="src/Cephalon.EventSourcing.Redis/Cephalon.EventSourcing.Redis.csproj" />
    <Project Path="src/Cephalon.Eventing.Behaviors/Cephalon.Eventing.Behaviors.csproj" />
    <Project Path="src/Cephalon.Eventing.Wolverine/Cephalon.Eventing.Wolverine.csproj" />
    <Project Path="src/Cephalon.Eventing/Cephalon.Eventing.csproj" />
    <Project Path="src/Cephalon.AspNetCore.GraphQL/Cephalon.AspNetCore.GraphQL.csproj" />
    <Project Path="src/Cephalon.AspNetCore.Grpc/Cephalon.AspNetCore.Grpc.csproj" />
    <Project Path="src/Cephalon.AspNetCore.JsonRpc/Cephalon.AspNetCore.JsonRpc.csproj" />
    <Project Path="src/Cephalon.AspNetCore/Cephalon.AspNetCore.csproj" />
    <Project Path="src/Cephalon.Engine/Cephalon.Engine.csproj" />
    <Project Path="src/Cephalon.Observability/Cephalon.Observability.csproj" />
    <Project Path="src/Cephalon.Observability.CassandraDependencies/Cephalon.Observability.CassandraDependencies.csproj" />
    <Project Path="src/Cephalon.Observability.DependencyHealth.Core/Cephalon.Observability.DependencyHealth.Core.csproj" />
    <Project Path="src/Cephalon.Observability.ClickHouseDependencies/Cephalon.Observability.ClickHouseDependencies.csproj" />
    <Project Path="src/Cephalon.Observability.HttpDependencies/Cephalon.Observability.HttpDependencies.csproj" />
    <Project Path="src/Cephalon.Observability.KafkaDependencies/Cephalon.Observability.KafkaDependencies.csproj" />
    <Project Path="src/Cephalon.Observability.ConsulDependencies/Cephalon.Observability.ConsulDependencies.csproj" />
    <Project Path="src/Cephalon.Observability.ElasticsearchDependencies/Cephalon.Observability.ElasticsearchDependencies.csproj" />
    <Project Path="src/Cephalon.Observability.MemcachedDependencies/Cephalon.Observability.MemcachedDependencies.csproj" />
    <Project Path="src/Cephalon.Observability.MongoDbDependencies/Cephalon.Observability.MongoDbDependencies.csproj" />
    <Project Path="src/Cephalon.Observability.MqttDependencies/Cephalon.Observability.MqttDependencies.csproj" />
    <Project Path="src/Cephalon.Observability.MySqlDependencies/Cephalon.Observability.MySqlDependencies.csproj" />
    <Project Path="src/Cephalon.Observability.NatsDependencies/Cephalon.Observability.NatsDependencies.csproj" />
    <Project Path="src/Cephalon.Observability.Neo4jDependencies/Cephalon.Observability.Neo4jDependencies.csproj" />
    <Project Path="src/Cephalon.Observability.OpenSearchDependencies/Cephalon.Observability.OpenSearchDependencies.csproj" />
    <Project Path="src/Cephalon.Observability.OracleDependencies/Cephalon.Observability.OracleDependencies.csproj" />
    <Project Path="src/Cephalon.Observability.PostgresDependencies/Cephalon.Observability.PostgresDependencies.csproj" />
    <Project Path="src/Cephalon.Observability.RabbitMqDependencies/Cephalon.Observability.RabbitMqDependencies.csproj" />
    <Project Path="src/Cephalon.Observability.RedisDependencies/Cephalon.Observability.RedisDependencies.csproj" />
    <Project Path="src/Cephalon.Observability.SqlServerDependencies/Cephalon.Observability.SqlServerDependencies.csproj" />
    <Project Path="src/Cephalon.Observability.OpenTelemetry/Cephalon.Observability.OpenTelemetry.csproj" />
    <Project Path="src/Cephalon.Identity.AspNetCore/Cephalon.Identity.AspNetCore.csproj" />
    <Project Path="src/Cephalon.Identity/Cephalon.Identity.csproj" />
    <Project Path="src/Cephalon.Ids.Sfid/Cephalon.Ids.Sfid.csproj" />
    <Project Path="src/Cephalon.MultiTenancy.Governance.AspNetCore/Cephalon.MultiTenancy.Governance.AspNetCore.csproj" />
    <Project Path="src/Cephalon.MultiTenancy.Governance.AmazonSesDelivery.AspNetCore/Cephalon.MultiTenancy.Governance.AmazonSesDelivery.AspNetCore.csproj" />
    <Project Path="src/Cephalon.MultiTenancy.Governance.AmazonSesDelivery/Cephalon.MultiTenancy.Governance.AmazonSesDelivery.csproj" />
    <Project Path="src/Cephalon.MultiTenancy.Governance.HttpDelivery/Cephalon.MultiTenancy.Governance.HttpDelivery.csproj" />
    <Project Path="src/Cephalon.MultiTenancy.Governance.MailgunDelivery.AspNetCore/Cephalon.MultiTenancy.Governance.MailgunDelivery.AspNetCore.csproj" />
    <Project Path="src/Cephalon.MultiTenancy.Governance.MailgunDelivery/Cephalon.MultiTenancy.Governance.MailgunDelivery.csproj" />
    <Project Path="src/Cephalon.MultiTenancy.Governance.MicrosoftGraphDelivery.AzureIdentity/Cephalon.MultiTenancy.Governance.MicrosoftGraphDelivery.AzureIdentity.csproj" />
    <Project Path="src/Cephalon.MultiTenancy.Governance.MicrosoftGraphDelivery/Cephalon.MultiTenancy.Governance.MicrosoftGraphDelivery.csproj" />
    <Project Path="src/Cephalon.MultiTenancy.Governance.SendGridDelivery.AspNetCore/Cephalon.MultiTenancy.Governance.SendGridDelivery.AspNetCore.csproj" />
    <Project Path="src/Cephalon.MultiTenancy.Governance.SendGridDelivery/Cephalon.MultiTenancy.Governance.SendGridDelivery.csproj" />
    <Project Path="src/Cephalon.MultiTenancy.Governance.SmtpDelivery/Cephalon.MultiTenancy.Governance.SmtpDelivery.csproj" />
    <Project Path="src/Cephalon.MultiTenancy.Governance/Cephalon.MultiTenancy.Governance.csproj" />
    <Project Path="src/Cephalon.MultiTenancy/Cephalon.MultiTenancy.csproj" />
    <Project Path="src/Cephalon.Observability.AlibabaCloud/Cephalon.Observability.AlibabaCloud.csproj" />
    <Project Path="src/Cephalon.Observability.Aws/Cephalon.Observability.Aws.csproj" />
    <Project Path="src/Cephalon.Observability.AzureMonitor/Cephalon.Observability.AzureMonitor.csproj" />
    <Project Path="src/Cephalon.Observability.DigitalOcean/Cephalon.Observability.DigitalOcean.csproj" />
    <Project Path="src/Cephalon.Observability.GrafanaCloud/Cephalon.Observability.GrafanaCloud.csproj" />
    <Project Path="src/Cephalon.Observability.NewRelic/Cephalon.Observability.NewRelic.csproj" />
    <Project Path="src/Cephalon.Observability.Serilog/Cephalon.Observability.Serilog.csproj" />
    <Project Path="src/Cephalon.Observability.Gcp/Cephalon.Observability.Gcp.csproj" />
    <Project Path="src/Cephalon.Observability.HuaweiCloud/Cephalon.Observability.HuaweiCloud.csproj" />
    <Project Path="src/Cephalon.Observability.OracleCloud/Cephalon.Observability.OracleCloud.csproj" />
    <Project Path="src/Cephalon.Observability.Kubernetes/Cephalon.Observability.Kubernetes.csproj" />
    <Project Path="src/Cephalon.Observability.OpenShift/Cephalon.Observability.OpenShift.csproj" />
    <Project Path="src/Cephalon.Observability.Tanzu/Cephalon.Observability.Tanzu.csproj" />
    <Project Path="src/Cephalon.ReferenceDocs/Cephalon.ReferenceDocs.csproj" />
    <Project Path="src/Cephalon.Retrieval/Cephalon.Retrieval.csproj" />
    <Project Path="src/Cephalon.Scaffolding/Cephalon.Scaffolding.csproj" />
    <Project Path="src/Cephalon.Worker/Cephalon.Worker.csproj" />
  </Folder>
  <Folder Name="/tests/">
    <Project Path="tests/Cephalon.Tests.Support/Cephalon.Tests.Support.csproj" />
    <Project Path="tests/Cephalon.Tests.Composition/Cephalon.Tests.Composition.csproj" />
    <Project Path="tests/Cephalon.Tests.Hosting/Cephalon.Tests.Hosting.csproj" />
    <Project Path="tests/Cephalon.Tests.Tooling/Cephalon.Tests.Tooling.csproj" />
  </Folder>
  <Folder Name="/templates/">
    <Project Path="templates/Cephalon.TemplatePack/Cephalon.TemplatePack.csproj" />
  </Folder>
</Solution>
